Microsoft Visual Studio Solution File, Format Version 12.00
# Visual Studio Version 17
VisualStudioVersion = 17.5.2.0
MinimumVisualStudioVersion = 10.0.40219.1
Project("{FAE04EC0-301F-11D3-BF4B-00C04F79EFBC}") = "NakamaEditor", "unity\NakamaEditor.csproj", "{F2125C81-9DE0-5B39-FDE9-A126235A7DE4}"
EndProject
Project("{FAE04EC0-301F-11D3-BF4B-00C04F79EFBC}") = "NakamaRuntime", "unity\NakamaRuntime.csproj", "{357403FA-1781-4867-14F7-A9684A32C258}"
EndProject
Project("{FAE04EC0-301F-11D3-BF4B-00C04F79EFBC}") = "Assembly-CSharp", "unity\Assembly-CSharp.csproj", "{9687DAA0-D59F-5570-398F-79231A3B7A0E}"
EndProject
Global
	GlobalSection(SolutionConfigurationPlatforms) = preSolution
		Debug|Any CPU = Debug|Any CPU
		Release|Any CPU = Release|Any CPU
	EndGlobalSection
	GlobalSection(ProjectConfigurationPlatforms) = postSolution
		{F2125C81-9DE0-5B39-FDE9-A126235A7DE4}.Debug|Any CPU.ActiveCfg = Debug|Any CPU
		{F2125C81-9DE0-5B39-FDE9-A126235A7DE4}.Debug|Any CPU.Build.0 = Debug|Any CPU
		{F2125C81-9DE0-5B39-FDE9-A126235A7DE4}.Release|Any CPU.ActiveCfg = Release|Any CPU
		{F2125C81-9DE0-5B39-FDE9-A126235A7DE4}.Release|Any CPU.Build.0 = Release|Any CPU
		{357403FA-1781-4867-14F7-A9684A32C258}.Debug|Any CPU.ActiveCfg = Debug|Any CPU
		{357403FA-1781-4867-14F7-A9684A32C258}.Debug|Any CPU.Build.0 = Debug|Any CPU
		{357403FA-1781-4867-14F7-A9684A32C258}.Release|Any CPU.ActiveCfg = Release|Any CPU
		{357403FA-1781-4867-14F7-A9684A32C258}.Release|Any CPU.Build.0 = Release|Any CPU
		{9687DAA0-D59F-5570-398F-79231A3B7A0E}.Debug|Any CPU.ActiveCfg = Debug|Any CPU
		{9687DAA0-D59F-5570-398F-79231A3B7A0E}.Debug|Any CPU.Build.0 = Debug|Any CPU
		{9687DAA0-D59F-5570-398F-79231A3B7A0E}.Release|Any CPU.ActiveCfg = Release|Any CPU
		{9687DAA0-D59F-5570-398F-79231A3B7A0E}.Release|Any CPU.Build.0 = Release|Any CPU
	EndGlobalSection
	GlobalSection(SolutionProperties) = preSolution
		HideSolutionNode = FALSE
	EndGlobalSection
	GlobalSection(ExtensibilityGlobals) = postSolution
		SolutionGuid = {F69A08D4-2557-4AF8-AB5D-67271ECF09ED}
	EndGlobalSection
EndGlobal
